
Microsoft Visual Studio Solution File, Format Version 12.00
# Visual Studio Version 17
VisualStudioVersion = 17.9.34622.214
MinimumVisualStudioVersion = 10.0.40219.1
Project("{FAE04EC0-301F-11D3-BF4B-00C04F79EFBC}") = "RapChieuPhim1", "RapChieuPhim1.csproj", "{193E0737-D4E9-4493-85FF-4578C392D1C4}"
EndProject
Global
	GlobalSection(SolutionConfigurationPlatforms) = preSolution
		Debug|Any CPU = Debug|Any CPU
		Release|Any CPU = Release|Any CPU
	EndGlobalSection
	GlobalSection(ProjectConfigurationPlatforms) = postSolution
		{193E0737-D4E9-4493-85FF-4578C392D1C4}.Debug|Any CPU.ActiveCfg = Debug|Any CPU
		{193E0737-D4E9-4493-85FF-4578C392D1C4}.Debug|Any CPU.Build.0 = Debug|Any CPU
		{193E0737-D4E9-4493-85FF-4578C392D1C4}.Release|Any CPU.ActiveCfg = Release|Any CPU
		{193E0737-D4E9-4493-85FF-4578C392D1C4}.Release|Any CPU.Build.0 = Release|Any CPU
	EndGlobalSection
	GlobalSection(SolutionProperties) = preSolution
		HideSolutionNode = FALSE
	EndGlobalSection
	GlobalSection(ExtensibilityGlobals) = postSolution
		SolutionGuid = {B4C5A2F2-BE70-4B2D-836D-B720207FB9D1}
	EndGlobalSection
EndGlobal
