
Microsoft Visual Studio Solution File, Format Version 12.00
# Visual Studio Version 17
VisualStudioVersion = 17.9.34622.214
MinimumVisualStudioVersion = 10.0.40219.1
Project("{FAE04EC0-301F-11D3-BF4B-00C04F79EFBC}") = "RapChieuPhim", "RapChieuPhim.csproj", "{48E4AA73-CFD6-4072-AA1F-73385225D200}"
EndProject
Global
	GlobalSection(SolutionConfigurationPlatforms) = preSolution
		Debug|Any CPU = Debug|Any CPU
		Release|Any CPU = Release|Any CPU
	EndGlobalSection
	GlobalSection(ProjectConfigurationPlatforms) = postSolution
		{48E4AA73-CFD6-4072-AA1F-73385225D200}.Debug|Any CPU.ActiveCfg = Debug|Any CPU
		{48E4AA73-CFD6-4072-AA1F-73385225D200}.Debug|Any CPU.Build.0 = Debug|Any CPU
		{48E4AA73-CFD6-4072-AA1F-73385225D200}.Release|Any CPU.ActiveCfg = Release|Any CPU
		{48E4AA73-CFD6-4072-AA1F-73385225D200}.Release|Any CPU.Build.0 = Release|Any CPU
	EndGlobalSection
	GlobalSection(SolutionProperties) = preSolution
		HideSolutionNode = FALSE
	EndGlobalSection
	GlobalSection(ExtensibilityGlobals) = postSolution
		SolutionGuid = {0C29A34D-E6D1-4DDA-9AB2-384CA0C3D304}
	EndGlobalSection
EndGlobal
