
Microsoft Visual Studio Solution File, Format Version 12.00
# Visual Studio Version 17
VisualStudioVersion = 17.9.34622.214
MinimumVisualStudioVersion = 10.0.40219.1
Project("{FAE04EC0-301F-11D3-BF4B-00C04F79EFBC}") = "WindowsFormsApp1", "WindowsFormsApp1.csproj", "{FA619E1C-E686-4404-AC50-922C14E9E494}"
EndProject
Global
	GlobalSection(SolutionConfigurationPlatforms) = preSolution
		Debug|Any CPU = Debug|Any CPU
		Release|Any CPU = Release|Any CPU
	EndGlobalSection
	GlobalSection(ProjectConfigurationPlatforms) = postSolution
		{FA619E1C-E686-4404-AC50-922C14E9E494}.Debug|Any CPU.ActiveCfg = Debug|Any CPU
		{FA619E1C-E686-4404-AC50-922C14E9E494}.Debug|Any CPU.Build.0 = Debug|Any CPU
		{FA619E1C-E686-4404-AC50-922C14E9E494}.Release|Any CPU.ActiveCfg = Release|Any CPU
		{FA619E1C-E686-4404-AC50-922C14E9E494}.Release|Any CPU.Build.0 = Release|Any CPU
	EndGlobalSection
	GlobalSection(SolutionProperties) = preSolution
		HideSolutionNode = FALSE
	EndGlobalSection
	GlobalSection(ExtensibilityGlobals) = postSolution
		SolutionGuid = {0E3A09D5-0A09-44B1-A6FB-60B61E20A28E}
	EndGlobalSection
EndGlobal
