
Microsoft Visual Studio Solution File, Format Version 12.00
# Visual Studio Version 17
VisualStudioVersion = 17.9.34622.214
MinimumVisualStudioVersion = 10.0.40219.1
Project("{FAE04EC0-301F-11D3-BF4B-00C04F79EFBC}") = "QuanLyCuaHangInternet", "QuanLyCuaHangInternet.csproj", "{2671A90E-3A66-4A21-A6A0-FF3DB739E212}"
EndProject
Global
	GlobalSection(SolutionConfigurationPlatforms) = preSolution
		Debug|Any CPU = Debug|Any CPU
		Release|Any CPU = Release|Any CPU
	EndGlobalSection
	GlobalSection(ProjectConfigurationPlatforms) = postSolution
		{2671A90E-3A66-4A21-A6A0-FF3DB739E212}.Debug|Any CPU.ActiveCfg = Debug|Any CPU
		{2671A90E-3A66-4A21-A6A0-FF3DB739E212}.Debug|Any CPU.Build.0 = Debug|Any CPU
		{2671A90E-3A66-4A21-A6A0-FF3DB739E212}.Release|Any CPU.ActiveCfg = Release|Any CPU
		{2671A90E-3A66-4A21-A6A0-FF3DB739E212}.Release|Any CPU.Build.0 = Release|Any CPU
	EndGlobalSection
	GlobalSection(SolutionProperties) = preSolution
		HideSolutionNode = FALSE
	EndGlobalSection
	GlobalSection(ExtensibilityGlobals) = postSolution
		SolutionGuid = {FA9B5AE4-4A72-42F0-A91B-02E0D439BD61}
	EndGlobalSection
EndGlobal
