
Microsoft Visual Studio Solution File, Format Version 12.00
# Visual Studio Version 17
VisualStudioVersion = 17.9.34622.214
MinimumVisualStudioVersion = 10.0.40219.1
Project("{FAE04EC0-301F-11D3-BF4B-00C04F79EFBC}") = "WindowsFormsApp11", "WindowsFormsApp11.csproj", "{CFBAB4EC-0F1E-4BE0-A290-A87B051CBAFF}"
EndProject
Global
	GlobalSection(SolutionConfigurationPlatforms) = preSolution
		Debug|Any CPU = Debug|Any CPU
		Release|Any CPU = Release|Any CPU
	EndGlobalSection
	GlobalSection(ProjectConfigurationPlatforms) = postSolution
		{CFBAB4EC-0F1E-4BE0-A290-A87B051CBAFF}.Debug|Any CPU.ActiveCfg = Debug|Any CPU
		{CFBAB4EC-0F1E-4BE0-A290-A87B051CBAFF}.Debug|Any CPU.Build.0 = Debug|Any CPU
		{CFBAB4EC-0F1E-4BE0-A290-A87B051CBAFF}.Release|Any CPU.ActiveCfg = Release|Any CPU
		{CFBAB4EC-0F1E-4BE0-A290-A87B051CBAFF}.Release|Any CPU.Build.0 = Release|Any CPU
	EndGlobalSection
	GlobalSection(SolutionProperties) = preSolution
		HideSolutionNode = FALSE
	EndGlobalSection
	GlobalSection(ExtensibilityGlobals) = postSolution
		SolutionGuid = {89816EC1-9AD3-4E7E-9E2F-93523C6A18D5}
	EndGlobalSection
EndGlobal
